
Microsoft Visual Studio Solution File, Format Version 12.00
# Visual Studio Version 16
VisualStudioVersion = 16.0.33328.57
MinimumVisualStudioVersion = 10.0.40219.1
Project("{FAE04EC0-301F-11D3-BF4B-00C04F79EFBC}") = "Editor de texto", "Editor de texto\Editor de texto.csproj", "{1AAE58E3-638A-4E02-9F92-F95A5268C29E}"
EndProject
Global
	GlobalSection(SolutionConfigurationPlatforms) = preSolution
		Debug|Any CPU = Debug|Any CPU
		Release|Any CPU = Release|Any CPU
	EndGlobalSection
	GlobalSection(ProjectConfigurationPlatforms) = postSolution
		{1AAE58E3-638A-4E02-9F92-F95A5268C29E}.Debug|Any CPU.ActiveCfg = Debug|Any CPU
		{1AAE58E3-638A-4E02-9F92-F95A5268C29E}.Debug|Any CPU.Build.0 = Debug|Any CPU
		{1AAE58E3-638A-4E02-9F92-F95A5268C29E}.Release|Any CPU.ActiveCfg = Release|Any CPU
		{1AAE58E3-638A-4E02-9F92-F95A5268C29E}.Release|Any CPU.Build.0 = Release|Any CPU
	EndGlobalSection
	GlobalSection(SolutionProperties) = preSolution
		HideSolutionNode = FALSE
	EndGlobalSection
	GlobalSection(ExtensibilityGlobals) = postSolution
		SolutionGuid = {43778342-AF1F-42C1-A541-4F845E61A35C}
	EndGlobalSection
EndGlobal
